
Microsoft Visual Studio Solution File, Format Version 12.00
# Visual Studio Version 17
VisualStudioVersion = 17.8.34309.116
MinimumVisualStudioVersion = 10.0.40219.1
Project("{FAE04EC0-301F-11D3-BF4B-00C04F79EFBC}") = "Lab2U2", "Lab2U2.csproj", "{1AFC2A27-AF44-4EC7-85F5-AB954F2EA49A}"
EndProject
Global
	GlobalSection(SolutionConfigurationPlatforms) = preSolution
		Debug|Any CPU = Debug|Any CPU
		Release|Any CPU = Release|Any CPU
	EndGlobalSection
	GlobalSection(ProjectConfigurationPlatforms) = postSolution
		{1AFC2A27-AF44-4EC7-85F5-AB954F2EA49A}.Debug|Any CPU.ActiveCfg = Debug|Any CPU
		{1AFC2A27-AF44-4EC7-85F5-AB954F2EA49A}.Debug|Any CPU.Build.0 = Debug|Any CPU
		{1AFC2A27-AF44-4EC7-85F5-AB954F2EA49A}.Release|Any CPU.ActiveCfg = Release|Any CPU
		{1AFC2A27-AF44-4EC7-85F5-AB954F2EA49A}.Release|Any CPU.Build.0 = Release|Any CPU
	EndGlobalSection
	GlobalSection(SolutionProperties) = preSolution
		HideSolutionNode = FALSE
	EndGlobalSection
	GlobalSection(ExtensibilityGlobals) = postSolution
		SolutionGuid = {8BEB0C8D-C3C8-4555-B5BD-BE08AFC81FA2}
	EndGlobalSection
EndGlobal
