
Microsoft Visual Studio Solution File, Format Version 12.00
# Visual Studio Version 17
VisualStudioVersion = 17.8.34309.116
MinimumVisualStudioVersion = 10.0.40219.1
Project("{FAE04EC0-301F-11D3-BF4B-00C04F79EFBC}") = "Lab2-U3", "Lab2-U3.csproj", "{86651111-9959-4E6D-B4E8-DD7B6324AF4C}"
EndProject
Global
	GlobalSection(SolutionConfigurationPlatforms) = preSolution
		Debug|Any CPU = Debug|Any CPU
		Release|Any CPU = Release|Any CPU
	EndGlobalSection
	GlobalSection(ProjectConfigurationPlatforms) = postSolution
		{86651111-9959-4E6D-B4E8-DD7B6324AF4C}.Debug|Any CPU.ActiveCfg = Debug|Any CPU
		{86651111-9959-4E6D-B4E8-DD7B6324AF4C}.Debug|Any CPU.Build.0 = Debug|Any CPU
		{86651111-9959-4E6D-B4E8-DD7B6324AF4C}.Release|Any CPU.ActiveCfg = Release|Any CPU
		{86651111-9959-4E6D-B4E8-DD7B6324AF4C}.Release|Any CPU.Build.0 = Release|Any CPU
	EndGlobalSection
	GlobalSection(SolutionProperties) = preSolution
		HideSolutionNode = FALSE
	EndGlobalSection
	GlobalSection(ExtensibilityGlobals) = postSolution
		SolutionGuid = {792D9116-C9F8-448F-B201-733B4E7172BE}
	EndGlobalSection
EndGlobal
